{
    "_meta": {
        "hash": {
            "sha256": "8dcf6b52ca3ad97d161375eb858309f761580ad3756edf3d5a6dce54b0d115e5"
        },
        "pipfile-spec": 6,
        "requires": {
            "python_version": "3.6"
        },
        "sources": [
            {
                "name": "pypi",
                "url": "https://pypi.org/simple",
                "verify_ssl": true
            }
        ]
    },
    "default": {
        "bidict": {
            "hashes": [
                "sha256:3ac67daa353ecf853a1df9d3e924f005e729227a60a8dbada31a4c31aba7f654",
                "sha256:42c84ffbe6f8de898af6073b4be9ea7ccedcd78d3474aa844c54e49d5a079f6f"
            ],
            "markers": "python_version >= '3.6'",
            "version": "==0.21.4"
        },
        "python-engineio": {
            "hashes": [
                "sha256:ad06a975f7e14cb3bb7137cbf70fd883804484d29acd58004d1db1e2a7fc0ad3",
                "sha256:fed35eeacfa21f53f1fc05ef0cadd65a50780364da3a2be7650eb92f928fdb11"
            ],
            "markers": "python_version >= '3.6'",
            "version": "==4.3.0"
        },
        "python-socketio": {
            "hashes": [
                "sha256:ca28a0ff0ca5dd05ec5ba4ee2572fe06b96d6f0bc7df384d8b50fbbc06986134",
                "sha256:ce972ea1b82aa1811fa10d30cf0d5c251b9a1558c3d66829b6fe70854bcccf0b"
            ],
            "index": "pypi",
            "version": "==5.5.0"
        },
        "toml": {
            "hashes": [
                "sha256:806143ae5bfb6a3c6e736a764057db0e6a0e05e338b5630894a5f779cabb4f9b",
                "sha256:b3bda1d108d5dd99f4a20d24d9c348e91c4db7ab1b749200bded2f839ccbe68f"
            ],
            "index": "pypi",
            "version": "==0.10.2"
        }
    },
    "develop": {}
}
